
Microsoft Visual Studio Solution File, Format Version 12.00
# Visual Studio Version 17
VisualStudioVersion = 17.4.33205.214
MinimumVisualStudioVersion = 10.0.40219.1
Project("{8BC9CEB8-8B4A-11D0-8D11-00A0C91BC942}") = "기출문제12", "기출문제12.vcxproj", "{C283A9D1-44BF-45D3-8BB0-BDDB6CFBB48F}"
EndProject
Global
	GlobalSection(SolutionConfigurationPlatforms) = preSolution
		Debug|x64 = Debug|x64
		Debug|x86 = Debug|x86
		Release|x64 = Release|x64
		Release|x86 = Release|x86
	EndGlobalSection
	GlobalSection(ProjectConfigurationPlatforms) = postSolution
		{C283A9D1-44BF-45D3-8BB0-BDDB6CFBB48F}.Debug|x64.ActiveCfg = Debug|x64
		{C283A9D1-44BF-45D3-8BB0-BDDB6CFBB48F}.Debug|x64.Build.0 = Debug|x64
		{C283A9D1-44BF-45D3-8BB0-BDDB6CFBB48F}.Debug|x86.ActiveCfg = Debug|Win32
		{C283A9D1-44BF-45D3-8BB0-BDDB6CFBB48F}.Debug|x86.Build.0 = Debug|Win32
		{C283A9D1-44BF-45D3-8BB0-BDDB6CFBB48F}.Release|x64.ActiveCfg = Release|x64
		{C283A9D1-44BF-45D3-8BB0-BDDB6CFBB48F}.Release|x64.Build.0 = Release|x64
		{C283A9D1-44BF-45D3-8BB0-BDDB6CFBB48F}.Release|x86.ActiveCfg = Release|Win32
		{C283A9D1-44BF-45D3-8BB0-BDDB6CFBB48F}.Release|x86.Build.0 = Release|Win32
	EndGlobalSection
	GlobalSection(SolutionProperties) = preSolution
		HideSolutionNode = FALSE
	EndGlobalSection
	GlobalSection(ExtensibilityGlobals) = postSolution
		SolutionGuid = {E8D559B3-FE2E-4F91-9FE7-8F77E49BFF87}
	EndGlobalSection
EndGlobal
