
Microsoft Visual Studio Solution File, Format Version 12.00
# Visual Studio Version 17
VisualStudioVersion = 17.4.33205.214
MinimumVisualStudioVersion = 10.0.40219.1
Project("{8BC9CEB8-8B4A-11D0-8D11-00A0C91BC942}") = "기출문제3-10", "기출문제3-10.vcxproj", "{FE8F5638-135C-4D2B-9826-6F7CF73B3EB3}"
EndProject
Global
	GlobalSection(SolutionConfigurationPlatforms) = preSolution
		Debug|x64 = Debug|x64
		Debug|x86 = Debug|x86
		Release|x64 = Release|x64
		Release|x86 = Release|x86
	EndGlobalSection
	GlobalSection(ProjectConfigurationPlatforms) = postSolution
		{FE8F5638-135C-4D2B-9826-6F7CF73B3EB3}.Debug|x64.ActiveCfg = Debug|x64
		{FE8F5638-135C-4D2B-9826-6F7CF73B3EB3}.Debug|x64.Build.0 = Debug|x64
		{FE8F5638-135C-4D2B-9826-6F7CF73B3EB3}.Debug|x86.ActiveCfg = Debug|Win32
		{FE8F5638-135C-4D2B-9826-6F7CF73B3EB3}.Debug|x86.Build.0 = Debug|Win32
		{FE8F5638-135C-4D2B-9826-6F7CF73B3EB3}.Release|x64.ActiveCfg = Release|x64
		{FE8F5638-135C-4D2B-9826-6F7CF73B3EB3}.Release|x64.Build.0 = Release|x64
		{FE8F5638-135C-4D2B-9826-6F7CF73B3EB3}.Release|x86.ActiveCfg = Release|Win32
		{FE8F5638-135C-4D2B-9826-6F7CF73B3EB3}.Release|x86.Build.0 = Release|Win32
	EndGlobalSection
	GlobalSection(SolutionProperties) = preSolution
		HideSolutionNode = FALSE
	EndGlobalSection
	GlobalSection(ExtensibilityGlobals) = postSolution
		SolutionGuid = {F4572776-6CE8-426C-B517-6AFDDA311CF6}
	EndGlobalSection
EndGlobal
