
Microsoft Visual Studio Solution File, Format Version 12.00
# Visual Studio Version 17
VisualStudioVersion = 17.4.33205.214
MinimumVisualStudioVersion = 10.0.40219.1
Project("{8BC9CEB8-8B4A-11D0-8D11-00A0C91BC942}") = "기출문제3", "기출문제3.vcxproj", "{A9DC5D49-66FB-4332-A176-375F7550AE5E}"
EndProject
Global
	GlobalSection(SolutionConfigurationPlatforms) = preSolution
		Debug|x64 = Debug|x64
		Debug|x86 = Debug|x86
		Release|x64 = Release|x64
		Release|x86 = Release|x86
	EndGlobalSection
	GlobalSection(ProjectConfigurationPlatforms) = postSolution
		{A9DC5D49-66FB-4332-A176-375F7550AE5E}.Debug|x64.ActiveCfg = Debug|x64
		{A9DC5D49-66FB-4332-A176-375F7550AE5E}.Debug|x64.Build.0 = Debug|x64
		{A9DC5D49-66FB-4332-A176-375F7550AE5E}.Debug|x86.ActiveCfg = Debug|Win32
		{A9DC5D49-66FB-4332-A176-375F7550AE5E}.Debug|x86.Build.0 = Debug|Win32
		{A9DC5D49-66FB-4332-A176-375F7550AE5E}.Release|x64.ActiveCfg = Release|x64
		{A9DC5D49-66FB-4332-A176-375F7550AE5E}.Release|x64.Build.0 = Release|x64
		{A9DC5D49-66FB-4332-A176-375F7550AE5E}.Release|x86.ActiveCfg = Release|Win32
		{A9DC5D49-66FB-4332-A176-375F7550AE5E}.Release|x86.Build.0 = Release|Win32
	EndGlobalSection
	GlobalSection(SolutionProperties) = preSolution
		HideSolutionNode = FALSE
	EndGlobalSection
	GlobalSection(ExtensibilityGlobals) = postSolution
		SolutionGuid = {98258885-70EB-4155-B0E2-D8E118583A71}
	EndGlobalSection
EndGlobal
