
Microsoft Visual Studio Solution File, Format Version 12.00
# Visual Studio Version 17
VisualStudioVersion = 17.4.33205.214
MinimumVisualStudioVersion = 10.0.40219.1
Project("{8BC9CEB8-8B4A-11D0-8D11-00A0C91BC942}") = "기출문제17", "기출문제17.vcxproj", "{010720E4-DB33-4C23-8C42-5C40171CFEE7}"
EndProject
Global
	GlobalSection(SolutionConfigurationPlatforms) = preSolution
		Debug|x64 = Debug|x64
		Debug|x86 = Debug|x86
		Release|x64 = Release|x64
		Release|x86 = Release|x86
	EndGlobalSection
	GlobalSection(ProjectConfigurationPlatforms) = postSolution
		{010720E4-DB33-4C23-8C42-5C40171CFEE7}.Debug|x64.ActiveCfg = Debug|x64
		{010720E4-DB33-4C23-8C42-5C40171CFEE7}.Debug|x64.Build.0 = Debug|x64
		{010720E4-DB33-4C23-8C42-5C40171CFEE7}.Debug|x86.ActiveCfg = Debug|Win32
		{010720E4-DB33-4C23-8C42-5C40171CFEE7}.Debug|x86.Build.0 = Debug|Win32
		{010720E4-DB33-4C23-8C42-5C40171CFEE7}.Release|x64.ActiveCfg = Release|x64
		{010720E4-DB33-4C23-8C42-5C40171CFEE7}.Release|x64.Build.0 = Release|x64
		{010720E4-DB33-4C23-8C42-5C40171CFEE7}.Release|x86.ActiveCfg = Release|Win32
		{010720E4-DB33-4C23-8C42-5C40171CFEE7}.Release|x86.Build.0 = Release|Win32
	EndGlobalSection
	GlobalSection(SolutionProperties) = preSolution
		HideSolutionNode = FALSE
	EndGlobalSection
	GlobalSection(ExtensibilityGlobals) = postSolution
		SolutionGuid = {F4D247C2-0961-4E56-A588-2330DDB8799A}
	EndGlobalSection
EndGlobal
